
Microsoft Visual Studio Solution File, Format Version 12.00
# Visual Studio Version 17
VisualStudioVersion = 17.14.36221.1 d17.14
MinimumVisualStudioVersion = 10.0.40219.1
Project("{FAE04EC0-301F-11D3-BF4B-00C04F79EFBC}") = "AI Pdf Data Extractor", "AI Pdf Data Extractor\AI Pdf Data Extractor.csproj", "{14CA05FB-8AD7-4F3C-AEC0-0815A804C6E2}"
EndProject
Global
	GlobalSection(SolutionConfigurationPlatforms) = preSolution
		Debug|Any CPU = Debug|Any CPU
		Release|Any CPU = Release|Any CPU
	EndGlobalSection
	GlobalSection(ProjectConfigurationPlatforms) = postSolution
		{14CA05FB-8AD7-4F3C-AEC0-0815A804C6E2}.Debug|Any CPU.ActiveCfg = Debug|Any CPU
		{14CA05FB-8AD7-4F3C-AEC0-0815A804C6E2}.Debug|Any CPU.Build.0 = Debug|Any CPU
		{14CA05FB-8AD7-4F3C-AEC0-0815A804C6E2}.Release|Any CPU.ActiveCfg = Release|Any CPU
		{14CA05FB-8AD7-4F3C-AEC0-0815A804C6E2}.Release|Any CPU.Build.0 = Release|Any CPU
	EndGlobalSection
	GlobalSection(SolutionProperties) = preSolution
		HideSolutionNode = FALSE
	EndGlobalSection
	GlobalSection(ExtensibilityGlobals) = postSolution
		SolutionGuid = {8BE16165-D967-40D3-9A0A-F33D8186E879}
	EndGlobalSection
EndGlobal
